
Microsoft Visual Studio Solution File, Format Version 12.00
# Visual Studio 15
VisualStudioVersion = 15.0.27428.2011
MinimumVisualStudioVersion = 10.0.40219.1
Project("{FAE04EC0-301F-11D3-BF4B-00C04F79EFBC}") = "SNeoService", "WNeoContract1\SNeoService.csproj", "{50E54BE2-AAAA-4C49-900A-CD7E3CB1803B}"
EndProject
Project("{FAE04EC0-301F-11D3-BF4B-00C04F79EFBC}") = "SARContract", "SDUSDTContract1\SARContract.csproj", "{D495922C-FA4D-4C62-97A1-CD89BFF88504}"
EndProject
Project("{FAE04EC0-301F-11D3-BF4B-00C04F79EFBC}") = "SDUSD", "SDUSD\SDUSD.csproj", "{DA4E9CA5-652D-4A8A-9A7D-86B5173E9922}"
EndProject
Project("{FAE04EC0-301F-11D3-BF4B-00C04F79EFBC}") = "OracleContract", "OracleContract\OracleContract.csproj", "{16C6CBFF-2CEB-4C8A-93B3-6A605DE60B8B}"
EndProject
Project("{FAE04EC0-301F-11D3-BF4B-00C04F79EFBC}") = "NeoContract2", "NeoContract2\NeoContract2.csproj", "{F94FBF03-1044-451C-A9B6-426C708D241E}"
EndProject
Global
	GlobalSection(SolutionConfigurationPlatforms) = preSolution
		Debug|Any CPU = Debug|Any CPU
		Debug|ARM = Debug|ARM
		Debug|x64 = Debug|x64
		Debug|x86 = Debug|x86
		Release|Any CPU = Release|Any CPU
		Release|ARM = Release|ARM
		Release|x64 = Release|x64
		Release|x86 = Release|x86
	EndGlobalSection
	GlobalSection(ProjectConfigurationPlatforms) = postSolution
		{50E54BE2-AAAA-4C49-900A-CD7E3CB1803B}.Debug|Any CPU.ActiveCfg = Debug|Any CPU
		{50E54BE2-AAAA-4C49-900A-CD7E3CB1803B}.Debug|Any CPU.Build.0 = Debug|Any CPU
		{50E54BE2-AAAA-4C49-900A-CD7E3CB1803B}.Debug|ARM.ActiveCfg = Debug|Any CPU
		{50E54BE2-AAAA-4C49-900A-CD7E3CB1803B}.Debug|ARM.Build.0 = Debug|Any CPU
		{50E54BE2-AAAA-4C49-900A-CD7E3CB1803B}.Debug|x64.ActiveCfg = Debug|Any CPU
		{50E54BE2-AAAA-4C49-900A-CD7E3CB1803B}.Debug|x64.Build.0 = Debug|Any CPU
		{50E54BE2-AAAA-4C49-900A-CD7E3CB1803B}.Debug|x86.ActiveCfg = Debug|Any CPU
		{50E54BE2-AAAA-4C49-900A-CD7E3CB1803B}.Debug|x86.Build.0 = Debug|Any CPU
		{50E54BE2-AAAA-4C49-900A-CD7E3CB1803B}.Release|Any CPU.ActiveCfg = Release|Any CPU
		{50E54BE2-AAAA-4C49-900A-CD7E3CB1803B}.Release|Any CPU.Build.0 = Release|Any CPU
		{50E54BE2-AAAA-4C49-900A-CD7E3CB1803B}.Release|ARM.ActiveCfg = Release|Any CPU
		{50E54BE2-AAAA-4C49-900A-CD7E3CB1803B}.Release|ARM.Build.0 = Release|Any CPU
		{50E54BE2-AAAA-4C49-900A-CD7E3CB1803B}.Release|x64.ActiveCfg = Release|Any CPU
		{50E54BE2-AAAA-4C49-900A-CD7E3CB1803B}.Release|x64.Build.0 = Release|Any CPU
		{50E54BE2-AAAA-4C49-900A-CD7E3CB1803B}.Release|x86.ActiveCfg = Release|Any CPU
		{50E54BE2-AAAA-4C49-900A-CD7E3CB1803B}.Release|x86.Build.0 = Release|Any CPU
		{D495922C-FA4D-4C62-97A1-CD89BFF88504}.Debug|Any CPU.ActiveCfg = Debug|Any CPU
		{D495922C-FA4D-4C62-97A1-CD89BFF88504}.Debug|Any CPU.Build.0 = Debug|Any CPU
		{D495922C-FA4D-4C62-97A1-CD89BFF88504}.Debug|ARM.ActiveCfg = Debug|Any CPU
		{D495922C-FA4D-4C62-97A1-CD89BFF88504}.Debug|ARM.Build.0 = Debug|Any CPU
		{D495922C-FA4D-4C62-97A1-CD89BFF88504}.Debug|x64.ActiveCfg = Debug|Any CPU
		{D495922C-FA4D-4C62-97A1-CD89BFF88504}.Debug|x64.Build.0 = Debug|Any CPU
		{D495922C-FA4D-4C62-97A1-CD89BFF88504}.Debug|x86.ActiveCfg = Debug|Any CPU
		{D495922C-FA4D-4C62-97A1-CD89BFF88504}.Debug|x86.Build.0 = Debug|Any CPU
		{D495922C-FA4D-4C62-97A1-CD89BFF88504}.Release|Any CPU.ActiveCfg = Release|Any CPU
		{D495922C-FA4D-4C62-97A1-CD89BFF88504}.Release|Any CPU.Build.0 = Release|Any CPU
		{D495922C-FA4D-4C62-97A1-CD89BFF88504}.Release|ARM.ActiveCfg = Release|Any CPU
		{D495922C-FA4D-4C62-97A1-CD89BFF88504}.Release|ARM.Build.0 = Release|Any CPU
		{D495922C-FA4D-4C62-97A1-CD89BFF88504}.Release|x64.ActiveCfg = Release|Any CPU
		{D495922C-FA4D-4C62-97A1-CD89BFF88504}.Release|x64.Build.0 = Release|Any CPU
		{D495922C-FA4D-4C62-97A1-CD89BFF88504}.Release|x86.ActiveCfg = Release|Any CPU
		{D495922C-FA4D-4C62-97A1-CD89BFF88504}.Release|x86.Build.0 = Release|Any CPU
		{DA4E9CA5-652D-4A8A-9A7D-86B5173E9922}.Debug|Any CPU.ActiveCfg = Debug|Any CPU
		{DA4E9CA5-652D-4A8A-9A7D-86B5173E9922}.Debug|Any CPU.Build.0 = Debug|Any CPU
		{DA4E9CA5-652D-4A8A-9A7D-86B5173E9922}.Debug|ARM.ActiveCfg = Debug|Any CPU
		{DA4E9CA5-652D-4A8A-9A7D-86B5173E9922}.Debug|ARM.Build.0 = Debug|Any CPU
		{DA4E9CA5-652D-4A8A-9A7D-86B5173E9922}.Debug|x64.ActiveCfg = Debug|Any CPU
		{DA4E9CA5-652D-4A8A-9A7D-86B5173E9922}.Debug|x64.Build.0 = Debug|Any CPU
		{DA4E9CA5-652D-4A8A-9A7D-86B5173E9922}.Debug|x86.ActiveCfg = Debug|Any CPU
		{DA4E9CA5-652D-4A8A-9A7D-86B5173E9922}.Debug|x86.Build.0 = Debug|Any CPU
		{DA4E9CA5-652D-4A8A-9A7D-86B5173E9922}.Release|Any CPU.ActiveCfg = Release|Any CPU
		{DA4E9CA5-652D-4A8A-9A7D-86B5173E9922}.Release|Any CPU.Build.0 = Release|Any CPU
		{DA4E9CA5-652D-4A8A-9A7D-86B5173E9922}.Release|ARM.ActiveCfg = Release|Any CPU
		{DA4E9CA5-652D-4A8A-9A7D-86B5173E9922}.Release|ARM.Build.0 = Release|Any CPU
		{DA4E9CA5-652D-4A8A-9A7D-86B5173E9922}.Release|x64.ActiveCfg = Release|Any CPU
		{DA4E9CA5-652D-4A8A-9A7D-86B5173E9922}.Release|x64.Build.0 = Release|Any CPU
		{DA4E9CA5-652D-4A8A-9A7D-86B5173E9922}.Release|x86.ActiveCfg = Release|Any CPU
		{DA4E9CA5-652D-4A8A-9A7D-86B5173E9922}.Release|x86.Build.0 = Release|Any CPU
		{16C6CBFF-2CEB-4C8A-93B3-6A605DE60B8B}.Debug|Any CPU.ActiveCfg = Debug|Any CPU
		{16C6CBFF-2CEB-4C8A-93B3-6A605DE60B8B}.Debug|Any CPU.Build.0 = Debug|Any CPU
		{16C6CBFF-2CEB-4C8A-93B3-6A605DE60B8B}.Debug|ARM.ActiveCfg = Debug|Any CPU
		{16C6CBFF-2CEB-4C8A-93B3-6A605DE60B8B}.Debug|ARM.Build.0 = Debug|Any CPU
		{16C6CBFF-2CEB-4C8A-93B3-6A605DE60B8B}.Debug|x64.ActiveCfg = Debug|Any CPU
		{16C6CBFF-2CEB-4C8A-93B3-6A605DE60B8B}.Debug|x64.Build.0 = Debug|Any CPU
		{16C6CBFF-2CEB-4C8A-93B3-6A605DE60B8B}.Debug|x86.ActiveCfg = Debug|Any CPU
		{16C6CBFF-2CEB-4C8A-93B3-6A605DE60B8B}.Debug|x86.Build.0 = Debug|Any CPU
		{16C6CBFF-2CEB-4C8A-93B3-6A605DE60B8B}.Release|Any CPU.ActiveCfg = Release|Any CPU
		{16C6CBFF-2CEB-4C8A-93B3-6A605DE60B8B}.Release|Any CPU.Build.0 = Release|Any CPU
		{16C6CBFF-2CEB-4C8A-93B3-6A605DE60B8B}.Release|ARM.ActiveCfg = Release|Any CPU
		{16C6CBFF-2CEB-4C8A-93B3-6A605DE60B8B}.Release|ARM.Build.0 = Release|Any CPU
		{16C6CBFF-2CEB-4C8A-93B3-6A605DE60B8B}.Release|x64.ActiveCfg = Release|Any CPU
		{16C6CBFF-2CEB-4C8A-93B3-6A605DE60B8B}.Release|x64.Build.0 = Release|Any CPU
		{16C6CBFF-2CEB-4C8A-93B3-6A605DE60B8B}.Release|x86.ActiveCfg = Release|Any CPU
		{16C6CBFF-2CEB-4C8A-93B3-6A605DE60B8B}.Release|x86.Build.0 = Release|Any CPU
		{F94FBF03-1044-451C-A9B6-426C708D241E}.Debug|Any CPU.ActiveCfg = Debug|Any CPU
		{F94FBF03-1044-451C-A9B6-426C708D241E}.Debug|Any CPU.Build.0 = Debug|Any CPU
		{F94FBF03-1044-451C-A9B6-426C708D241E}.Debug|ARM.ActiveCfg = Debug|Any CPU
		{F94FBF03-1044-451C-A9B6-426C708D241E}.Debug|ARM.Build.0 = Debug|Any CPU
		{F94FBF03-1044-451C-A9B6-426C708D241E}.Debug|x64.ActiveCfg = Debug|Any CPU
		{F94FBF03-1044-451C-A9B6-426C708D241E}.Debug|x64.Build.0 = Debug|Any CPU
		{F94FBF03-1044-451C-A9B6-426C708D241E}.Debug|x86.ActiveCfg = Debug|Any CPU
		{F94FBF03-1044-451C-A9B6-426C708D241E}.Debug|x86.Build.0 = Debug|Any CPU
		{F94FBF03-1044-451C-A9B6-426C708D241E}.Release|Any CPU.ActiveCfg = Release|Any CPU
		{F94FBF03-1044-451C-A9B6-426C708D241E}.Release|Any CPU.Build.0 = Release|Any CPU
		{F94FBF03-1044-451C-A9B6-426C708D241E}.Release|ARM.ActiveCfg = Release|Any CPU
		{F94FBF03-1044-451C-A9B6-426C708D241E}.Release|ARM.Build.0 = Release|Any CPU
		{F94FBF03-1044-451C-A9B6-426C708D241E}.Release|x64.ActiveCfg = Release|Any CPU
		{F94FBF03-1044-451C-A9B6-426C708D241E}.Release|x64.Build.0 = Release|Any CPU
		{F94FBF03-1044-451C-A9B6-426C708D241E}.Release|x86.ActiveCfg = Release|Any CPU
		{F94FBF03-1044-451C-A9B6-426C708D241E}.Release|x86.Build.0 = Release|Any CPU
	EndGlobalSection
	GlobalSection(SolutionProperties) = preSolution
		HideSolutionNode = FALSE
	EndGlobalSection
	GlobalSection(ExtensibilityGlobals) = postSolution
		SolutionGuid = {4A98187F-A621-45E1-B74C-0A1EBC6706DA}
	EndGlobalSection
EndGlobal
