
Microsoft Visual Studio Solution File, Format Version 12.00
# Visual Studio 15
VisualStudioVersion = 15.0.27428.2011
MinimumVisualStudioVersion = 10.0.40219.1
Project("{FAE04EC0-301F-11D3-BF4B-00C04F79EFBC}") = "WNeoService", "WNeoContract1\WNeoService.csproj", "{50E54BE2-AAAA-4C49-900A-CD7E3CB1803B}"
EndProject
Project("{FAE04EC0-301F-11D3-BF4B-00C04F79EFBC}") = "PNeoContract1", "PNeoContract1\PNeoContract1.csproj", "{B988D00B-113F-4061-9269-27CAE86BC44B}"
EndProject
Project("{FAE04EC0-301F-11D3-BF4B-00C04F79EFBC}") = "SDUSDContract", "SDUSDTContract1\SDUSDContract.csproj", "{D495922C-FA4D-4C62-97A1-CD89BFF88504}"
EndProject
Project("{FAE04EC0-301F-11D3-BF4B-00C04F79EFBC}") = "JumpCenter", "JumpCenter\JumpCenter.csproj", "{4A6CABDA-FA26-462D-B62F-D9E1B0F36D2D}"
EndProject
Global
	GlobalSection(SolutionConfigurationPlatforms) = preSolution
		Debug|Any CPU = Debug|Any CPU
		Debug|ARM = Debug|ARM
		Debug|x64 = Debug|x64
		Debug|x86 = Debug|x86
		Release|Any CPU = Release|Any CPU
		Release|ARM = Release|ARM
		Release|x64 = Release|x64
		Release|x86 = Release|x86
	EndGlobalSection
	GlobalSection(ProjectConfigurationPlatforms) = postSolution
		{50E54BE2-AAAA-4C49-900A-CD7E3CB1803B}.Debug|Any CPU.ActiveCfg = Debug|Any CPU
		{50E54BE2-AAAA-4C49-900A-CD7E3CB1803B}.Debug|Any CPU.Build.0 = Debug|Any CPU
		{50E54BE2-AAAA-4C49-900A-CD7E3CB1803B}.Debug|ARM.ActiveCfg = Debug|Any CPU
		{50E54BE2-AAAA-4C49-900A-CD7E3CB1803B}.Debug|ARM.Build.0 = Debug|Any CPU
		{50E54BE2-AAAA-4C49-900A-CD7E3CB1803B}.Debug|x64.ActiveCfg = Debug|Any CPU
		{50E54BE2-AAAA-4C49-900A-CD7E3CB1803B}.Debug|x64.Build.0 = Debug|Any CPU
		{50E54BE2-AAAA-4C49-900A-CD7E3CB1803B}.Debug|x86.ActiveCfg = Debug|Any CPU
		{50E54BE2-AAAA-4C49-900A-CD7E3CB1803B}.Debug|x86.Build.0 = Debug|Any CPU
		{50E54BE2-AAAA-4C49-900A-CD7E3CB1803B}.Release|Any CPU.ActiveCfg = Release|Any CPU
		{50E54BE2-AAAA-4C49-900A-CD7E3CB1803B}.Release|Any CPU.Build.0 = Release|Any CPU
		{50E54BE2-AAAA-4C49-900A-CD7E3CB1803B}.Release|ARM.ActiveCfg = Release|Any CPU
		{50E54BE2-AAAA-4C49-900A-CD7E3CB1803B}.Release|ARM.Build.0 = Release|Any CPU
		{50E54BE2-AAAA-4C49-900A-CD7E3CB1803B}.Release|x64.ActiveCfg = Release|Any CPU
		{50E54BE2-AAAA-4C49-900A-CD7E3CB1803B}.Release|x64.Build.0 = Release|Any CPU
		{50E54BE2-AAAA-4C49-900A-CD7E3CB1803B}.Release|x86.ActiveCfg = Release|Any CPU
		{50E54BE2-AAAA-4C49-900A-CD7E3CB1803B}.Release|x86.Build.0 = Release|Any CPU
		{B988D00B-113F-4061-9269-27CAE86BC44B}.Debug|Any CPU.ActiveCfg = Debug|Any CPU
		{B988D00B-113F-4061-9269-27CAE86BC44B}.Debug|Any CPU.Build.0 = Debug|Any CPU
		{B988D00B-113F-4061-9269-27CAE86BC44B}.Debug|ARM.ActiveCfg = Debug|Any CPU
		{B988D00B-113F-4061-9269-27CAE86BC44B}.Debug|ARM.Build.0 = Debug|Any CPU
		{B988D00B-113F-4061-9269-27CAE86BC44B}.Debug|x64.ActiveCfg = Debug|Any CPU
		{B988D00B-113F-4061-9269-27CAE86BC44B}.Debug|x64.Build.0 = Debug|Any CPU
		{B988D00B-113F-4061-9269-27CAE86BC44B}.Debug|x86.ActiveCfg = Debug|Any CPU
		{B988D00B-113F-4061-9269-27CAE86BC44B}.Debug|x86.Build.0 = Debug|Any CPU
		{B988D00B-113F-4061-9269-27CAE86BC44B}.Release|Any CPU.ActiveCfg = Release|Any CPU
		{B988D00B-113F-4061-9269-27CAE86BC44B}.Release|Any CPU.Build.0 = Release|Any CPU
		{B988D00B-113F-4061-9269-27CAE86BC44B}.Release|ARM.ActiveCfg = Release|Any CPU
		{B988D00B-113F-4061-9269-27CAE86BC44B}.Release|ARM.Build.0 = Release|Any CPU
		{B988D00B-113F-4061-9269-27CAE86BC44B}.Release|x64.ActiveCfg = Release|Any CPU
		{B988D00B-113F-4061-9269-27CAE86BC44B}.Release|x64.Build.0 = Release|Any CPU
		{B988D00B-113F-4061-9269-27CAE86BC44B}.Release|x86.ActiveCfg = Release|Any CPU
		{B988D00B-113F-4061-9269-27CAE86BC44B}.Release|x86.Build.0 = Release|Any CPU
		{D495922C-FA4D-4C62-97A1-CD89BFF88504}.Debug|Any CPU.ActiveCfg = Debug|Any CPU
		{D495922C-FA4D-4C62-97A1-CD89BFF88504}.Debug|Any CPU.Build.0 = Debug|Any CPU
		{D495922C-FA4D-4C62-97A1-CD89BFF88504}.Debug|ARM.ActiveCfg = Debug|Any CPU
		{D495922C-FA4D-4C62-97A1-CD89BFF88504}.Debug|ARM.Build.0 = Debug|Any CPU
		{D495922C-FA4D-4C62-97A1-CD89BFF88504}.Debug|x64.ActiveCfg = Debug|Any CPU
		{D495922C-FA4D-4C62-97A1-CD89BFF88504}.Debug|x64.Build.0 = Debug|Any CPU
		{D495922C-FA4D-4C62-97A1-CD89BFF88504}.Debug|x86.ActiveCfg = Debug|Any CPU
		{D495922C-FA4D-4C62-97A1-CD89BFF88504}.Debug|x86.Build.0 = Debug|Any CPU
		{D495922C-FA4D-4C62-97A1-CD89BFF88504}.Release|Any CPU.ActiveCfg = Release|Any CPU
		{D495922C-FA4D-4C62-97A1-CD89BFF88504}.Release|Any CPU.Build.0 = Release|Any CPU
		{D495922C-FA4D-4C62-97A1-CD89BFF88504}.Release|ARM.ActiveCfg = Release|Any CPU
		{D495922C-FA4D-4C62-97A1-CD89BFF88504}.Release|ARM.Build.0 = Release|Any CPU
		{D495922C-FA4D-4C62-97A1-CD89BFF88504}.Release|x64.ActiveCfg = Release|Any CPU
		{D495922C-FA4D-4C62-97A1-CD89BFF88504}.Release|x64.Build.0 = Release|Any CPU
		{D495922C-FA4D-4C62-97A1-CD89BFF88504}.Release|x86.ActiveCfg = Release|Any CPU
		{D495922C-FA4D-4C62-97A1-CD89BFF88504}.Release|x86.Build.0 = Release|Any CPU
		{4A6CABDA-FA26-462D-B62F-D9E1B0F36D2D}.Debug|Any CPU.ActiveCfg = Debug|Any CPU
		{4A6CABDA-FA26-462D-B62F-D9E1B0F36D2D}.Debug|Any CPU.Build.0 = Debug|Any CPU
		{4A6CABDA-FA26-462D-B62F-D9E1B0F36D2D}.Debug|ARM.ActiveCfg = Debug|Any CPU
		{4A6CABDA-FA26-462D-B62F-D9E1B0F36D2D}.Debug|ARM.Build.0 = Debug|Any CPU
		{4A6CABDA-FA26-462D-B62F-D9E1B0F36D2D}.Debug|x64.ActiveCfg = Debug|Any CPU
		{4A6CABDA-FA26-462D-B62F-D9E1B0F36D2D}.Debug|x64.Build.0 = Debug|Any CPU
		{4A6CABDA-FA26-462D-B62F-D9E1B0F36D2D}.Debug|x86.ActiveCfg = Debug|Any CPU
		{4A6CABDA-FA26-462D-B62F-D9E1B0F36D2D}.Debug|x86.Build.0 = Debug|Any CPU
		{4A6CABDA-FA26-462D-B62F-D9E1B0F36D2D}.Release|Any CPU.ActiveCfg = Release|Any CPU
		{4A6CABDA-FA26-462D-B62F-D9E1B0F36D2D}.Release|Any CPU.Build.0 = Release|Any CPU
		{4A6CABDA-FA26-462D-B62F-D9E1B0F36D2D}.Release|ARM.ActiveCfg = Release|Any CPU
		{4A6CABDA-FA26-462D-B62F-D9E1B0F36D2D}.Release|ARM.Build.0 = Release|Any CPU
		{4A6CABDA-FA26-462D-B62F-D9E1B0F36D2D}.Release|x64.ActiveCfg = Release|Any CPU
		{4A6CABDA-FA26-462D-B62F-D9E1B0F36D2D}.Release|x64.Build.0 = Release|Any CPU
		{4A6CABDA-FA26-462D-B62F-D9E1B0F36D2D}.Release|x86.ActiveCfg = Release|Any CPU
		{4A6CABDA-FA26-462D-B62F-D9E1B0F36D2D}.Release|x86.Build.0 = Release|Any CPU
	EndGlobalSection
	GlobalSection(SolutionProperties) = preSolution
		HideSolutionNode = FALSE
	EndGlobalSection
	GlobalSection(ExtensibilityGlobals) = postSolution
		SolutionGuid = {4A98187F-A621-45E1-B74C-0A1EBC6706DA}
	EndGlobalSection
EndGlobal
